
Microsoft Visual Studio Solution File, Format Version 12.00
# Visual Studio 2012
Project("{FAE04EC0-301F-11D3-BF4B-00C04F79EFBC}") = "HelloShane", "HelloShane\HelloShane.csproj", "{68A6F6AD-93CB-492E-8A80-78E519627F58}"
EndProject
Global
	GlobalSection(SolutionConfigurationPlatforms) = preSolution
		Debug|Any CPU = Debug|Any CPU
		Release|Any CPU = Release|Any CPU
	EndGlobalSection
	GlobalSection(ProjectConfigurationPlatforms) = postSolution
		{68A6F6AD-93CB-492E-8A80-78E519627F58}.Debug|Any CPU.ActiveCfg = Debug|Any CPU
		{68A6F6AD-93CB-492E-8A80-78E519627F58}.Debug|Any CPU.Build.0 = Debug|Any CPU
		{68A6F6AD-93CB-492E-8A80-78E519627F58}.Release|Any CPU.ActiveCfg = Release|Any CPU
		{68A6F6AD-93CB-492E-8A80-78E519627F58}.Release|Any CPU.Build.0 = Release|Any CPU
	EndGlobalSection
	GlobalSection(SolutionProperties) = preSolution
		HideSolutionNode = FALSE
	EndGlobalSection
EndGlobal
